Microsoft Visual Studio Solution File, Format Version 12.00
# Visual Studio 15
VisualStudioVersion = 15.0.26730.15
MinimumVisualStudioVersion = 10.0.40219.1
Project("{FAE04EC0-301F-11D3-BF4B-00C04F79EFBC}") = "Conreign.Contracts", "src\Conreign.Contracts\Conreign.Contracts.csproj", "{00409622-346B-4926-B745-E5F595BD3BB7}"
EndProject
Project("{FAE04EC0-301F-11D3-BF4B-00C04F79EFBC}") = "Conreign.Server", "src\Conreign.Server\Conreign.Server.csproj", "{DFDBF49B-30FA-424E-9AD2-85B35F39A053}"
EndProject
Project("{2150E333-8FDC-42A3-9474-1A3956D46DE8}") = "App", "App", "{420E0885-10E8-44C7-899B-FF39004DEADE}"
EndProject
Project("{2150E333-8FDC-42A3-9474-1A3956D46DE8}") = "Common", "Common", "{B075363C-E3AD-45C0-9387-1735127D03DE}"
	ProjectSection(SolutionItems) = preProject
		.gitignore = .gitignore
		paket.dependencies = paket.dependencies
		paket.lock = paket.lock
		readme.md = readme.md
		versions.json = versions.json
	EndProjectSection
EndProject
Project("{FAE04EC0-301F-11D3-BF4B-00C04F79EFBC}") = "Orleans.MongoStorageProvider", "src\Orleans.MongoStorageProvider\Orleans.MongoStorageProvider.csproj", "{BA953785-1EFC-461E-9227-AD3E4C07EE7C}"
EndProject
Project("{2150E333-8FDC-42A3-9474-1A3956D46DE8}") = "Host", "Host", "{2397B05B-F57A-4F01-9531-43496876623A}"
EndProject
Project("{FAE04EC0-301F-11D3-BF4B-00C04F79EFBC}") = "Conreign.Experiments", "src\Conreign.Experiments\Conreign.Experiments.csproj", "{D2AD8837-45D2-4DA4-A1E2-6D4F6651B5DA}"
EndProject
Project("{FAE04EC0-301F-11D3-BF4B-00C04F79EFBC}") = "Conreign.Server.Api", "src\Conreign.Server.Api\Conreign.Server.Api.csproj", "{02028666-9775-48C2-BEFF-A16F4DABE704}"
EndProject
Project("{FAE04EC0-301F-11D3-BF4B-00C04F79EFBC}") = "Conreign.Client.SignalR", "src\Conreign.Client.SignalR\Conreign.Client.SignalR.csproj", "{F7B51B22-239C-4507-A0B7-B9F7199C060F}"
EndProject
Project("{FAE04EC0-301F-11D3-BF4B-00C04F79EFBC}") = "Conreign.Client.Orleans", "src\Conreign.Client.Orleans\Conreign.Client.Orleans.csproj", "{628C9319-88CE-44EC-955D-F0FADD9C7CD3}"
EndProject
Project("{FAE04EC0-301F-11D3-BF4B-00C04F79EFBC}") = "Conreign.Client.Handler", "src\Conreign.Client.Handler\Conreign.Client.Handler.csproj", "{BEEF0347-534C-4987-9BB4-B7B038D71505}"
EndProject
Project("{2150E333-8FDC-42A3-9474-1A3956D46DE8}") = "Azure Cloud Service", "Azure Cloud Service", "{461F0F71-2CB8-4368-ADEE-329687A05CE3}"
EndProject
Project("{2150E333-8FDC-42A3-9474-1A3956D46DE8}") = "Console", "Console", "{B0E35D13-E3A0-4C9A-BE64-4AD54370A274}"
EndProject
Project("{FAE04EC0-301F-11D3-BF4B-00C04F79EFBC}") = "Conreign.Server.Host.Azure.Silo", "src\Conreign.Server.Host.Azure.Silo\Conreign.Server.Host.Azure.Silo.csproj", "{5D54B9E4-56B3-4083-BEA1-BB3EA25069C1}"
EndProject
Project("{FAE04EC0-301F-11D3-BF4B-00C04F79EFBC}") = "Conreign.Server.Host.Azure.Api", "src\Conreign.Server.Host.Azure.Api\Conreign.Server.Host.Azure.Api.csproj", "{A29CEA9B-0EA4-487F-838E-25CB696276DF}"
EndProject
Project("{FAE04EC0-301F-11D3-BF4B-00C04F79EFBC}") = "Conreign.LoadTest", "src\Conreign.LoadTest\Conreign.LoadTest.csproj", "{434AFA37-5C10-42CA-922F-F9772FDC8574}"
EndProject
Project("{FAE04EC0-301F-11D3-BF4B-00C04F79EFBC}") = "Conreign.Server.Silo", "src\Conreign.Server.Silo\Conreign.Server.Silo.csproj", "{93FBA3E0-25AD-498F-A17E-B79BE6410CFB}"
EndProject
Project("{FAE04EC0-301F-11D3-BF4B-00C04F79EFBC}") = "Conreign.Utility.Configuration", "src\Conreign.Utility.Configuration\Conreign.Utility.Configuration.csproj", "{33D5CDCB-B448-4D96-A956-5BC731BEF3FA}"
EndProject
Project("{2150E333-8FDC-42A3-9474-1A3956D46DE8}") = "Config", "Config", "{7F373F25-6B85-4A02-9AEF-D643EFF04378}"
	ProjectSection(SolutionItems) = preProject
		config\.gitignore = config\.gitignore
		config\api.config.json = config\api.config.json
		config\api.emulator.config.json = config\api.emulator.config.json
		config\api.production.config.json = config\api.production.config.json
		config\cli.config.json = config\cli.config.json
		config\load-test-2x4.production.config.json = config\load-test-2x4.production.config.json
		config\load-test-4x4.production.config.json = config\load-test-4x4.production.config.json
		config\silo.config.json = config\silo.config.json
		config\silo.emulator.config.json = config\silo.emulator.config.json
		config\silo.production.config.json = config\silo.production.config.json
		config\yams.config.json = config\yams.config.json
	EndProjectSection
EndProject
Project("{2150E333-8FDC-42A3-9474-1A3956D46DE8}") = "Tools", "Tools", "{E7B4CE72-E772-4EF0-9E83-C66EFB25C425}"
	ProjectSection(SolutionItems) = preProject
		tools\config.fsx = tools\config.fsx
		make.bat = make.bat
		tools\make.fsx = tools\make.fsx
		tools\run-loadtest.ps1 = tools\run-loadtest.ps1
		tools\tasks.fsx = tools\tasks.fsx
	EndProjectSection
EndProject
Project("{FAE04EC0-301F-11D3-BF4B-00C04F79EFBC}") = "Conreign.LoadTest.Supervisor", "src\Conreign.LoadTest.Supervisor\Conreign.LoadTest.Supervisor.csproj", "{7A3BFF9F-8BC0-43D7-9223-8A1C37A5142A}"
EndProject
Project("{2150E333-8FDC-42A3-9474-1A3956D46DE8}") = "Research", "Research", "{012CCA39-8A43-4DFD-AF75-5A9BEFFC93A7}"
	ProjectSection(SolutionItems) = preProject
		research\data-preparation.fsx = research\data-preparation.fsx
		research\notebook.fsx = research\notebook.fsx
	EndProjectSection
EndProject
Project("{2150E333-8FDC-42A3-9474-1A3956D46DE8}") = "Load Test", "Load Test", "{7994B3D5-21E4-4FDF-BD66-9EB6D5542096}"
EndProject
Project("{FAE04EC0-301F-11D3-BF4B-00C04F79EFBC}") = "Conreign.Server.Contracts", "src\Conreign.Server.Contracts\Conreign.Server.Contracts.csproj", "{060324B4-145F-4989-9B72-4B908A6C46CF}"
EndProject
Project("{FAE04EC0-301F-11D3-BF4B-00C04F79EFBC}") = "Conreign.Client.Contracts", "src\Conreign.Client.Contracts\Conreign.Client.Contracts.csproj", "{9764E726-5E8C-4A53-8221-9A452F1C7CE9}"
EndProject
Project("{FAE04EC0-301F-11D3-BF4B-00C04F79EFBC}") = "Conreign.Core", "src\Conreign.Core\Conreign.Core.csproj", "{56E6C647-CD9F-4432-9D2E-D0C00E79850B}"
EndProject
Project("{FAE04EC0-301F-11D3-BF4B-00C04F79EFBC}") = "Conreign.Core.Tests", "test\Conreign.Core.Tests\Conreign.Core.Tests.csproj", "{D7DAC5CA-A5D1-4462-AD78-644677E1DEDE}"
EndProject
Project("{CC5FD16D-436D-48AD-A40C-5A424C6E3E79}") = "Conreign.Server.Host.Azure", "src\Conreign.Server.Host.Azure\Conreign.Server.Host.Azure.ccproj", "{287775A1-6A4A-4B0C-A3BD-C56BCCE90D31}"
EndProject
Project("{FAE04EC0-301F-11D3-BF4B-00C04F79EFBC}") = "Conreign.Server.Host.Yams", "src\Conreign.Server.Host.Yams\Conreign.Server.Host.Yams.csproj", "{A81F8077-C050-47A8-835A-13C6D79B2FBC}"
EndProject
Project("{FAE04EC0-301F-11D3-BF4B-00C04F79EFBC}") = "Conreign.Server.Host.Console.Silo", "src\Conreign.Server.Host.Console.Silo\Conreign.Server.Host.Console.Silo.csproj", "{AD08BE02-E5B1-4034-B5DA-89964F4FF63D}"
EndProject
Project("{FAE04EC0-301F-11D3-BF4B-00C04F79EFBC}") = "Conreign.Server.Host.Console.Api", "src\Conreign.Server.Host.Console.Api\Conreign.Server.Host.Console.Api.csproj", "{C1B8E5A8-AA8E-416D-BF33-1A845E4B7F2F}"
EndProject
Project("{FAE04EC0-301F-11D3-BF4B-00C04F79EFBC}") = "Conreign.Server.Host.Console.All", "src\Conreign.Server.Host.Console.All\Conreign.Server.Host.Console.All.csproj", "{764D9960-6EA5-42BF-B1E0-95837AC656BB}"
EndProject
Project("{2150E333-8FDC-42A3-9474-1A3956D46DE8}") = "Docker", "Docker", "{CC09864D-42E3-43EF-99B7-654D9A36213F}"
EndProject
Project("{E53339B2-1760-4266-BCC7-CA923CBCF16C}") = "Conreign.Server.Host.Docker", "src\Conreign.Server.Host.Docker\Conreign.Server.Host.Docker.dcproj", "{7BA8A9AB-5A39-4864-888B-DA02D910EAF9}"
EndProject
Global
	GlobalSection(SolutionConfigurationPlatforms) = preSolution
		Debug|Any CPU = Debug|Any CPU
		Release|Any CPU = Release|Any CPU
	EndGlobalSection
	GlobalSection(ProjectConfigurationPlatforms) = postSolution
		{00409622-346B-4926-B745-E5F595BD3BB7}.Debug|Any CPU.ActiveCfg = Debug|Any CPU
		{00409622-346B-4926-B745-E5F595BD3BB7}.Debug|Any CPU.Build.0 = Debug|Any CPU
		{00409622-346B-4926-B745-E5F595BD3BB7}.Release|Any CPU.ActiveCfg = Release|Any CPU
		{00409622-346B-4926-B745-E5F595BD3BB7}.Release|Any CPU.Build.0 = Release|Any CPU
		{DFDBF49B-30FA-424E-9AD2-85B35F39A053}.Debug|Any CPU.ActiveCfg = Debug|Any CPU
		{DFDBF49B-30FA-424E-9AD2-85B35F39A053}.Debug|Any CPU.Build.0 = Debug|Any CPU
		{DFDBF49B-30FA-424E-9AD2-85B35F39A053}.Release|Any CPU.ActiveCfg = Release|Any CPU
		{DFDBF49B-30FA-424E-9AD2-85B35F39A053}.Release|Any CPU.Build.0 = Release|Any CPU
		{BA953785-1EFC-461E-9227-AD3E4C07EE7C}.Debug|Any CPU.ActiveCfg = Debug|Any CPU
		{BA953785-1EFC-461E-9227-AD3E4C07EE7C}.Debug|Any CPU.Build.0 = Debug|Any CPU
		{BA953785-1EFC-461E-9227-AD3E4C07EE7C}.Release|Any CPU.ActiveCfg = Release|Any CPU
		{BA953785-1EFC-461E-9227-AD3E4C07EE7C}.Release|Any CPU.Build.0 = Release|Any CPU
		{D2AD8837-45D2-4DA4-A1E2-6D4F6651B5DA}.Debug|Any CPU.ActiveCfg = Debug|Any CPU
		{D2AD8837-45D2-4DA4-A1E2-6D4F6651B5DA}.Debug|Any CPU.Build.0 = Debug|Any CPU
		{D2AD8837-45D2-4DA4-A1E2-6D4F6651B5DA}.Release|Any CPU.ActiveCfg = Release|Any CPU
		{D2AD8837-45D2-4DA4-A1E2-6D4F6651B5DA}.Release|Any CPU.Build.0 = Release|Any CPU
		{02028666-9775-48C2-BEFF-A16F4DABE704}.Debug|Any CPU.ActiveCfg = Debug|Any CPU
		{02028666-9775-48C2-BEFF-A16F4DABE704}.Debug|Any CPU.Build.0 = Debug|Any CPU
		{02028666-9775-48C2-BEFF-A16F4DABE704}.Release|Any CPU.ActiveCfg = Release|Any CPU
		{02028666-9775-48C2-BEFF-A16F4DABE704}.Release|Any CPU.Build.0 = Release|Any CPU
		{F7B51B22-239C-4507-A0B7-B9F7199C060F}.Debug|Any CPU.ActiveCfg = Debug|Any CPU
		{F7B51B22-239C-4507-A0B7-B9F7199C060F}.Debug|Any CPU.Build.0 = Debug|Any CPU
		{F7B51B22-239C-4507-A0B7-B9F7199C060F}.Release|Any CPU.ActiveCfg = Release|Any CPU
		{F7B51B22-239C-4507-A0B7-B9F7199C060F}.Release|Any CPU.Build.0 = Release|Any CPU
		{628C9319-88CE-44EC-955D-F0FADD9C7CD3}.Debug|Any CPU.ActiveCfg = Debug|Any CPU
		{628C9319-88CE-44EC-955D-F0FADD9C7CD3}.Debug|Any CPU.Build.0 = Debug|Any CPU
		{628C9319-88CE-44EC-955D-F0FADD9C7CD3}.Release|Any CPU.ActiveCfg = Release|Any CPU
		{628C9319-88CE-44EC-955D-F0FADD9C7CD3}.Release|Any CPU.Build.0 = Release|Any CPU
		{BEEF0347-534C-4987-9BB4-B7B038D71505}.Debug|Any CPU.ActiveCfg = Debug|Any CPU
		{BEEF0347-534C-4987-9BB4-B7B038D71505}.Debug|Any CPU.Build.0 = Debug|Any CPU
		{BEEF0347-534C-4987-9BB4-B7B038D71505}.Release|Any CPU.ActiveCfg = Release|Any CPU
		{BEEF0347-534C-4987-9BB4-B7B038D71505}.Release|Any CPU.Build.0 = Release|Any CPU
		{5D54B9E4-56B3-4083-BEA1-BB3EA25069C1}.Debug|Any CPU.ActiveCfg = Debug|Any CPU
		{5D54B9E4-56B3-4083-BEA1-BB3EA25069C1}.Debug|Any CPU.Build.0 = Debug|Any CPU
		{5D54B9E4-56B3-4083-BEA1-BB3EA25069C1}.Release|Any CPU.ActiveCfg = Release|Any CPU
		{5D54B9E4-56B3-4083-BEA1-BB3EA25069C1}.Release|Any CPU.Build.0 = Release|Any CPU
		{A29CEA9B-0EA4-487F-838E-25CB696276DF}.Debug|Any CPU.ActiveCfg = Debug|Any CPU
		{A29CEA9B-0EA4-487F-838E-25CB696276DF}.Debug|Any CPU.Build.0 = Debug|Any CPU
		{A29CEA9B-0EA4-487F-838E-25CB696276DF}.Release|Any CPU.ActiveCfg = Release|Any CPU
		{A29CEA9B-0EA4-487F-838E-25CB696276DF}.Release|Any CPU.Build.0 = Release|Any CPU
		{434AFA37-5C10-42CA-922F-F9772FDC8574}.Debug|Any CPU.ActiveCfg = Debug|Any CPU
		{434AFA37-5C10-42CA-922F-F9772FDC8574}.Debug|Any CPU.Build.0 = Debug|Any CPU
		{434AFA37-5C10-42CA-922F-F9772FDC8574}.Release|Any CPU.ActiveCfg = Release|Any CPU
		{434AFA37-5C10-42CA-922F-F9772FDC8574}.Release|Any CPU.Build.0 = Release|Any CPU
		{93FBA3E0-25AD-498F-A17E-B79BE6410CFB}.Debug|Any CPU.ActiveCfg = Debug|Any CPU
		{93FBA3E0-25AD-498F-A17E-B79BE6410CFB}.Debug|Any CPU.Build.0 = Debug|Any CPU
		{93FBA3E0-25AD-498F-A17E-B79BE6410CFB}.Release|Any CPU.ActiveCfg = Release|Any CPU
		{93FBA3E0-25AD-498F-A17E-B79BE6410CFB}.Release|Any CPU.Build.0 = Release|Any CPU
		{33D5CDCB-B448-4D96-A956-5BC731BEF3FA}.Debug|Any CPU.ActiveCfg = Debug|Any CPU
		{33D5CDCB-B448-4D96-A956-5BC731BEF3FA}.Debug|Any CPU.Build.0 = Debug|Any CPU
		{33D5CDCB-B448-4D96-A956-5BC731BEF3FA}.Release|Any CPU.ActiveCfg = Release|Any CPU
		{33D5CDCB-B448-4D96-A956-5BC731BEF3FA}.Release|Any CPU.Build.0 = Release|Any CPU
		{7A3BFF9F-8BC0-43D7-9223-8A1C37A5142A}.Debug|Any CPU.ActiveCfg = Debug|Any CPU
		{7A3BFF9F-8BC0-43D7-9223-8A1C37A5142A}.Debug|Any CPU.Build.0 = Debug|Any CPU
		{7A3BFF9F-8BC0-43D7-9223-8A1C37A5142A}.Release|Any CPU.ActiveCfg = Release|Any CPU
		{7A3BFF9F-8BC0-43D7-9223-8A1C37A5142A}.Release|Any CPU.Build.0 = Release|Any CPU
		{060324B4-145F-4989-9B72-4B908A6C46CF}.Debug|Any CPU.ActiveCfg = Debug|Any CPU
		{060324B4-145F-4989-9B72-4B908A6C46CF}.Debug|Any CPU.Build.0 = Debug|Any CPU
		{060324B4-145F-4989-9B72-4B908A6C46CF}.Release|Any CPU.ActiveCfg = Release|Any CPU
		{060324B4-145F-4989-9B72-4B908A6C46CF}.Release|Any CPU.Build.0 = Release|Any CPU
		{9764E726-5E8C-4A53-8221-9A452F1C7CE9}.Debug|Any CPU.ActiveCfg = Debug|Any CPU
		{9764E726-5E8C-4A53-8221-9A452F1C7CE9}.Debug|Any CPU.Build.0 = Debug|Any CPU
		{9764E726-5E8C-4A53-8221-9A452F1C7CE9}.Release|Any CPU.ActiveCfg = Release|Any CPU
		{9764E726-5E8C-4A53-8221-9A452F1C7CE9}.Release|Any CPU.Build.0 = Release|Any CPU
		{56E6C647-CD9F-4432-9D2E-D0C00E79850B}.Debug|Any CPU.ActiveCfg = Debug|Any CPU
		{56E6C647-CD9F-4432-9D2E-D0C00E79850B}.Debug|Any CPU.Build.0 = Debug|Any CPU
		{56E6C647-CD9F-4432-9D2E-D0C00E79850B}.Release|Any CPU.ActiveCfg = Release|Any CPU
		{56E6C647-CD9F-4432-9D2E-D0C00E79850B}.Release|Any CPU.Build.0 = Release|Any CPU
		{D7DAC5CA-A5D1-4462-AD78-644677E1DEDE}.Debug|Any CPU.ActiveCfg = Debug|Any CPU
		{D7DAC5CA-A5D1-4462-AD78-644677E1DEDE}.Debug|Any CPU.Build.0 = Debug|Any CPU
		{D7DAC5CA-A5D1-4462-AD78-644677E1DEDE}.Release|Any CPU.ActiveCfg = Release|Any CPU
		{D7DAC5CA-A5D1-4462-AD78-644677E1DEDE}.Release|Any CPU.Build.0 = Release|Any CPU
		{287775A1-6A4A-4B0C-A3BD-C56BCCE90D31}.Debug|Any CPU.ActiveCfg = Debug|Any CPU
		{287775A1-6A4A-4B0C-A3BD-C56BCCE90D31}.Debug|Any CPU.Build.0 = Debug|Any CPU
		{287775A1-6A4A-4B0C-A3BD-C56BCCE90D31}.Release|Any CPU.ActiveCfg = Release|Any CPU
		{287775A1-6A4A-4B0C-A3BD-C56BCCE90D31}.Release|Any CPU.Build.0 = Release|Any CPU
		{A81F8077-C050-47A8-835A-13C6D79B2FBC}.Debug|Any CPU.ActiveCfg = Debug|Any CPU
		{A81F8077-C050-47A8-835A-13C6D79B2FBC}.Debug|Any CPU.Build.0 = Debug|Any CPU
		{A81F8077-C050-47A8-835A-13C6D79B2FBC}.Release|Any CPU.ActiveCfg = Release|Any CPU
		{A81F8077-C050-47A8-835A-13C6D79B2FBC}.Release|Any CPU.Build.0 = Release|Any CPU
		{AD08BE02-E5B1-4034-B5DA-89964F4FF63D}.Debug|Any CPU.ActiveCfg = Debug|Any CPU
		{AD08BE02-E5B1-4034-B5DA-89964F4FF63D}.Debug|Any CPU.Build.0 = Debug|Any CPU
		{AD08BE02-E5B1-4034-B5DA-89964F4FF63D}.Release|Any CPU.ActiveCfg = Release|Any CPU
		{AD08BE02-E5B1-4034-B5DA-89964F4FF63D}.Release|Any CPU.Build.0 = Release|Any CPU
		{C1B8E5A8-AA8E-416D-BF33-1A845E4B7F2F}.Debug|Any CPU.ActiveCfg = Debug|Any CPU
		{C1B8E5A8-AA8E-416D-BF33-1A845E4B7F2F}.Debug|Any CPU.Build.0 = Debug|Any CPU
		{C1B8E5A8-AA8E-416D-BF33-1A845E4B7F2F}.Release|Any CPU.ActiveCfg = Release|Any CPU
		{C1B8E5A8-AA8E-416D-BF33-1A845E4B7F2F}.Release|Any CPU.Build.0 = Release|Any CPU
		{764D9960-6EA5-42BF-B1E0-95837AC656BB}.Debug|Any CPU.ActiveCfg = Debug|Any CPU
		{764D9960-6EA5-42BF-B1E0-95837AC656BB}.Debug|Any CPU.Build.0 = Debug|Any CPU
		{764D9960-6EA5-42BF-B1E0-95837AC656BB}.Release|Any CPU.ActiveCfg = Release|Any CPU
		{764D9960-6EA5-42BF-B1E0-95837AC656BB}.Release|Any CPU.Build.0 = Release|Any CPU
		{7BA8A9AB-5A39-4864-888B-DA02D910EAF9}.Debug|Any CPU.ActiveCfg = Debug|Any CPU
		{7BA8A9AB-5A39-4864-888B-DA02D910EAF9}.Debug|Any CPU.Build.0 = Debug|Any CPU
		{7BA8A9AB-5A39-4864-888B-DA02D910EAF9}.Release|Any CPU.ActiveCfg = Release|Any CPU
		{7BA8A9AB-5A39-4864-888B-DA02D910EAF9}.Release|Any CPU.Build.0 = Release|Any CPU
	EndGlobalSection
	GlobalSection(SolutionProperties) = preSolution
		HideSolutionNode = FALSE
	EndGlobalSection
	GlobalSection(NestedProjects) = preSolution
		{00409622-346B-4926-B745-E5F595BD3BB7} = {420E0885-10E8-44C7-899B-FF39004DEADE}
		{DFDBF49B-30FA-424E-9AD2-85B35F39A053} = {420E0885-10E8-44C7-899B-FF39004DEADE}
		{BA953785-1EFC-461E-9227-AD3E4C07EE7C} = {420E0885-10E8-44C7-899B-FF39004DEADE}
		{D2AD8837-45D2-4DA4-A1E2-6D4F6651B5DA} = {7994B3D5-21E4-4FDF-BD66-9EB6D5542096}
		{02028666-9775-48C2-BEFF-A16F4DABE704} = {420E0885-10E8-44C7-899B-FF39004DEADE}
		{F7B51B22-239C-4507-A0B7-B9F7199C060F} = {420E0885-10E8-44C7-899B-FF39004DEADE}
		{628C9319-88CE-44EC-955D-F0FADD9C7CD3} = {420E0885-10E8-44C7-899B-FF39004DEADE}
		{BEEF0347-534C-4987-9BB4-B7B038D71505} = {420E0885-10E8-44C7-899B-FF39004DEADE}
		{461F0F71-2CB8-4368-ADEE-329687A05CE3} = {2397B05B-F57A-4F01-9531-43496876623A}
		{B0E35D13-E3A0-4C9A-BE64-4AD54370A274} = {2397B05B-F57A-4F01-9531-43496876623A}
		{5D54B9E4-56B3-4083-BEA1-BB3EA25069C1} = {461F0F71-2CB8-4368-ADEE-329687A05CE3}
		{A29CEA9B-0EA4-487F-838E-25CB696276DF} = {461F0F71-2CB8-4368-ADEE-329687A05CE3}
		{434AFA37-5C10-42CA-922F-F9772FDC8574} = {7994B3D5-21E4-4FDF-BD66-9EB6D5542096}
		{93FBA3E0-25AD-498F-A17E-B79BE6410CFB} = {420E0885-10E8-44C7-899B-FF39004DEADE}
		{33D5CDCB-B448-4D96-A956-5BC731BEF3FA} = {420E0885-10E8-44C7-899B-FF39004DEADE}
		{7A3BFF9F-8BC0-43D7-9223-8A1C37A5142A} = {7994B3D5-21E4-4FDF-BD66-9EB6D5542096}
		{7994B3D5-21E4-4FDF-BD66-9EB6D5542096} = {012CCA39-8A43-4DFD-AF75-5A9BEFFC93A7}
		{060324B4-145F-4989-9B72-4B908A6C46CF} = {420E0885-10E8-44C7-899B-FF39004DEADE}
		{9764E726-5E8C-4A53-8221-9A452F1C7CE9} = {420E0885-10E8-44C7-899B-FF39004DEADE}
		{56E6C647-CD9F-4432-9D2E-D0C00E79850B} = {420E0885-10E8-44C7-899B-FF39004DEADE}
		{D7DAC5CA-A5D1-4462-AD78-644677E1DEDE} = {420E0885-10E8-44C7-899B-FF39004DEADE}
		{287775A1-6A4A-4B0C-A3BD-C56BCCE90D31} = {461F0F71-2CB8-4368-ADEE-329687A05CE3}
		{A81F8077-C050-47A8-835A-13C6D79B2FBC} = {B0E35D13-E3A0-4C9A-BE64-4AD54370A274}
		{AD08BE02-E5B1-4034-B5DA-89964F4FF63D} = {B0E35D13-E3A0-4C9A-BE64-4AD54370A274}
		{C1B8E5A8-AA8E-416D-BF33-1A845E4B7F2F} = {B0E35D13-E3A0-4C9A-BE64-4AD54370A274}
		{764D9960-6EA5-42BF-B1E0-95837AC656BB} = {B0E35D13-E3A0-4C9A-BE64-4AD54370A274}
		{CC09864D-42E3-43EF-99B7-654D9A36213F} = {2397B05B-F57A-4F01-9531-43496876623A}
		{7BA8A9AB-5A39-4864-888B-DA02D910EAF9} = {CC09864D-42E3-43EF-99B7-654D9A36213F}
	EndGlobalSection
	GlobalSection(ExtensibilityGlobals) = postSolution
		EnterpriseLibraryConfigurationToolBinariesPathV6 = packages\EnterpriseLibrary.TransientFaultHandling.6.0.1304.0\lib\portable-net45+win+wp8
		SolutionGuid = {7621FD16-5A3A-4ADB-9D0A-73D58F2A8793}
	EndGlobalSection
EndGlobal
